
Microsoft Visual Studio Solution File, Format Version 12.00
# Visual Studio Version 17
VisualStudioVersion = 17.7.34024.191
MinimumVisualStudioVersion = 10.0.40219.1
Project("{FAE04EC0-301F-11D3-BF4B-00C04F79EFBC}") = "MayAnhHN3", "MayAnhHN3.csproj", "{12F9AAAA-E8C4-48BA-9472-165CB044368E}"
EndProject
Global
	GlobalSection(SolutionConfigurationPlatforms) = preSolution
		Debug|Any CPU = Debug|Any CPU
		Release|Any CPU = Release|Any CPU
	EndGlobalSection
	GlobalSection(ProjectConfigurationPlatforms) = postSolution
		{12F9AAAA-E8C4-48BA-9472-165CB044368E}.Debug|Any CPU.ActiveCfg = Debug|Any CPU
		{12F9AAAA-E8C4-48BA-9472-165CB044368E}.Debug|Any CPU.Build.0 = Debug|Any CPU
		{12F9AAAA-E8C4-48BA-9472-165CB044368E}.Release|Any CPU.ActiveCfg = Release|Any CPU
		{12F9AAAA-E8C4-48BA-9472-165CB044368E}.Release|Any CPU.Build.0 = Release|Any CPU
	EndGlobalSection
	GlobalSection(SolutionProperties) = preSolution
		HideSolutionNode = FALSE
	EndGlobalSection
	GlobalSection(ExtensibilityGlobals) = postSolution
		SolutionGuid = {E8028171-8007-4D41-8C01-FD4666BDE071}
	EndGlobalSection
EndGlobal
